{
  "pins" : [
    {
      "identity" : "webrtc",
      "kind" : "remoteSourceControl",
      "location" : "https://github.com/stasel/WebRTC.git",
      "state" : {
        "revision" : "938564aac1e2e810ffb4931d93cf67e00c5ad679",
        "version" : "114.0.0"
      }
    },
    {
      "identity" : "wkwebviewrtc",
      "kind" : "remoteSourceControl",
      "location" : "https://github.com/nauphone/WKWebViewRTC",
      "state" : {
        "revision" : "9bc9da3768e6d5d50c8a4828c3776c9cd2f128d0",
        "version" : "0.6.1"
      }
    }
  ],
  "version" : 2
}
